
Microsoft Visual Studio Solution File, Format Version 12.00
# Visual Studio Version 17
VisualStudioVersion = 17.13.35931.197
MinimumVisualStudioVersion = 10.0.40219.1
Project("{FAE04EC0-301F-11D3-BF4B-00C04F79EFBC}") = "EventProvider", "EventProvider\EventProvider.csproj", "{11BE22F8-49D3-44A8-944C-A6661F57F612}"
EndProject
Project("{FAE04EC0-301F-11D3-BF4B-00C04F79EFBC}") = "EventProvider.Tests", "EventProvider.Tests\EventProvider.Tests.csproj", "{39700EDA-040A-4768-83F6-C99761E714D4}"
EndProject
Global
	GlobalSection(SolutionConfigurationPlatforms) = preSolution
		Debug|Any CPU = Debug|Any CPU
		Release|Any CPU = Release|Any CPU
	EndGlobalSection
	GlobalSection(ProjectConfigurationPlatforms) = postSolution
		{11BE22F8-49D3-44A8-944C-A6661F57F612}.Debug|Any CPU.ActiveCfg = Debug|Any CPU
		{11BE22F8-49D3-44A8-944C-A6661F57F612}.Debug|Any CPU.Build.0 = Debug|Any CPU
		{11BE22F8-49D3-44A8-944C-A6661F57F612}.Release|Any CPU.ActiveCfg = Release|Any CPU
		{11BE22F8-49D3-44A8-944C-A6661F57F612}.Release|Any CPU.Build.0 = Release|Any CPU
		{39700EDA-040A-4768-83F6-C99761E714D4}.Debug|Any CPU.ActiveCfg = Debug|Any CPU
		{39700EDA-040A-4768-83F6-C99761E714D4}.Debug|Any CPU.Build.0 = Debug|Any CPU
		{39700EDA-040A-4768-83F6-C99761E714D4}.Release|Any CPU.ActiveCfg = Release|Any CPU
		{39700EDA-040A-4768-83F6-C99761E714D4}.Release|Any CPU.Build.0 = Release|Any CPU
	EndGlobalSection
	GlobalSection(SolutionProperties) = preSolution
		HideSolutionNode = FALSE
	EndGlobalSection
	GlobalSection(ExtensibilityGlobals) = postSolution
		SolutionGuid = {63931CE8-A628-49A7-858B-07D6CE8B71B7}
	EndGlobalSection
EndGlobal
